
Microsoft Visual Studio Solution File, Format Version 12.00
# Visual Studio Version 16
VisualStudioVersion = 25.0.1704.3
MinimumVisualStudioVersion = 10.0.40219.1
Project("{FAE04EC0-301F-11D3-BF4B-00C04F79EFBC}") = "startup001", "startup001\startup001.csproj", "{2D4B3DA6-DBBC-4EC3-8F22-B57FA9504FAB}"
EndProject
Project("{FAE04EC0-301F-11D3-BF4B-00C04F79EFBC}") = "StartupHostLib", "StartupHostLib\StartupHostLib.csproj", "{14440665-9476-45CF-882B-ECE5A1046F6F}"
EndProject
Global
	GlobalSection(SolutionConfigurationPlatforms) = preSolution
		Debug|Any CPU = Debug|Any CPU
		Release|Any CPU = Release|Any CPU
	EndGlobalSection
	GlobalSection(ProjectConfigurationPlatforms) = postSolution
		{2D4B3DA6-DBBC-4EC3-8F22-B57FA9504FAB}.Debug|Any CPU.ActiveCfg = Debug|Any CPU
		{2D4B3DA6-DBBC-4EC3-8F22-B57FA9504FAB}.Debug|Any CPU.Build.0 = Debug|Any CPU
		{2D4B3DA6-DBBC-4EC3-8F22-B57FA9504FAB}.Release|Any CPU.ActiveCfg = Release|Any CPU
		{2D4B3DA6-DBBC-4EC3-8F22-B57FA9504FAB}.Release|Any CPU.Build.0 = Release|Any CPU
		{14440665-9476-45CF-882B-ECE5A1046F6F}.Debug|Any CPU.ActiveCfg = Debug|Any CPU
		{14440665-9476-45CF-882B-ECE5A1046F6F}.Debug|Any CPU.Build.0 = Debug|Any CPU
		{14440665-9476-45CF-882B-ECE5A1046F6F}.Release|Any CPU.ActiveCfg = Release|Any CPU
		{14440665-9476-45CF-882B-ECE5A1046F6F}.Release|Any CPU.Build.0 = Release|Any CPU
	EndGlobalSection
	GlobalSection(SolutionProperties) = preSolution
		HideSolutionNode = FALSE
	EndGlobalSection
	GlobalSection(ExtensibilityGlobals) = postSolution
		SolutionGuid = {C54DEE4A-410E-4657-8E62-9E7A6D817AF9}
	EndGlobalSection
EndGlobal
