
Microsoft Visual Studio Solution File, Format Version 12.00
Project("{2150E333-8FDC-42A3-9474-1A3956D46DE8}") = "SolutionFolder1", "SolutionFolder1", "{29DDB8FC-BDA4-4B3B-A9A0-920725B8CF5D}"
EndProject
Project("{FAE04EC0-301F-11D3-BF4B-00C04F79EFBC}") = "as_operator", "as_operator\as_operator.csproj", "{5CE1F2AC-36A9-4E6F-9CBD-C1E7ED7098C8}"
EndProject
Global
	GlobalSection(SolutionConfigurationPlatforms) = preSolution
		Debug|Any CPU = Debug|Any CPU
		Release|Any CPU = Release|Any CPU
	EndGlobalSection
	GlobalSection(ProjectConfigurationPlatforms) = postSolution
		{5CE1F2AC-36A9-4E6F-9CBD-C1E7ED7098C8}.Debug|Any CPU.ActiveCfg = Debug|Any CPU
		{5CE1F2AC-36A9-4E6F-9CBD-C1E7ED7098C8}.Debug|Any CPU.Build.0 = Debug|Any CPU
		{5CE1F2AC-36A9-4E6F-9CBD-C1E7ED7098C8}.Release|Any CPU.ActiveCfg = Release|Any CPU
		{5CE1F2AC-36A9-4E6F-9CBD-C1E7ED7098C8}.Release|Any CPU.Build.0 = Release|Any CPU
	EndGlobalSection
EndGlobal
